
Microsoft Visual Studio Solution File, Format Version 12.00
# Visual Studio Version 16
VisualStudioVersion = 16.0.34114.132
MinimumVisualStudioVersion = 10.0.40219.1
Project("{FAE04EC0-301F-11D3-BF4B-00C04F79EFBC}") = "Interface", "Interface\Interface.csproj", "{A57098D3-5D91-4102-82B7-81A58D083A1E}"
EndProject
Global
	GlobalSection(SolutionConfigurationPlatforms) = preSolution
		Debug|Any CPU = Debug|Any CPU
		Release|Any CPU = Release|Any CPU
	EndGlobalSection
	GlobalSection(ProjectConfigurationPlatforms) = postSolution
		{A57098D3-5D91-4102-82B7-81A58D083A1E}.Debug|Any CPU.ActiveCfg = Debug|Any CPU
		{A57098D3-5D91-4102-82B7-81A58D083A1E}.Debug|Any CPU.Build.0 = Debug|Any CPU
		{A57098D3-5D91-4102-82B7-81A58D083A1E}.Release|Any CPU.ActiveCfg = Release|Any CPU
		{A57098D3-5D91-4102-82B7-81A58D083A1E}.Release|Any CPU.Build.0 = Release|Any CPU
	EndGlobalSection
	GlobalSection(SolutionProperties) = preSolution
		HideSolutionNode = FALSE
	EndGlobalSection
	GlobalSection(ExtensibilityGlobals) = postSolution
		SolutionGuid = {501C5525-0684-4609-B6D6-9842346A54CD}
	EndGlobalSection
EndGlobal
